
Microsoft Visual Studio Solution File, Format Version 12.00
# Visual Studio Version 17
VisualStudioVersion = 17.4.33213.308
MinimumVisualStudioVersion = 10.0.40219.1
Project("{FAE04EC0-301F-11D3-BF4B-00C04F79EFBC}") = "WebAPI_SistemaSuscripcion", "WebAPI_SistemaSuscripcion\WebAPI_SistemaSuscripcion.csproj", "{DD3AC3B9-C7DF-4B2B-B79B-3059D19F9731}"
EndProject
Global
	GlobalSection(SolutionConfigurationPlatforms) = preSolution
		Debug|Any CPU = Debug|Any CPU
		Release|Any CPU = Release|Any CPU
	EndGlobalSection
	GlobalSection(ProjectConfigurationPlatforms) = postSolution
		{DD3AC3B9-C7DF-4B2B-B79B-3059D19F9731}.Debug|Any CPU.ActiveCfg = Debug|Any CPU
		{DD3AC3B9-C7DF-4B2B-B79B-3059D19F9731}.Debug|Any CPU.Build.0 = Debug|Any CPU
		{DD3AC3B9-C7DF-4B2B-B79B-3059D19F9731}.Release|Any CPU.ActiveCfg = Release|Any CPU
		{DD3AC3B9-C7DF-4B2B-B79B-3059D19F9731}.Release|Any CPU.Build.0 = Release|Any CPU
	EndGlobalSection
	GlobalSection(SolutionProperties) = preSolution
		HideSolutionNode = FALSE
	EndGlobalSection
	GlobalSection(ExtensibilityGlobals) = postSolution
		SolutionGuid = {CD1AECC5-97E3-442E-A269-E3339F76B7C3}
	EndGlobalSection
EndGlobal
